
Microsoft Visual Studio Solution File, Format Version 12.00
# Visual Studio Version 17
VisualStudioVersion = 17.4.33205.214
MinimumVisualStudioVersion = 10.0.40219.1
Project("{FAE04EC0-301F-11D3-BF4B-00C04F79EFBC}") = "ECommerce.API.Products", "ECommerce.API.Products\ECommerce.API.Products.csproj", "{1B25B008-6C45-4A86-8CC9-809E015CE0CF}"
EndProject
Project("{FAE04EC0-301F-11D3-BF4B-00C04F79EFBC}") = "ECommerce.API.Customers", "ECommerce.API.Customers\ECommerce.API.Customers.csproj", "{A1CCFC30-C7E2-4F46-BA63-FF13367FDFF6}"
EndProject
Project("{FAE04EC0-301F-11D3-BF4B-00C04F79EFBC}") = "ECommerce.API.Orders", "ECommerce.API.Orders\ECommerce.API.Orders.csproj", "{9D09DF17-B595-4858-B7D3-EA66E89BCA3A}"
EndProject
Project("{FAE04EC0-301F-11D3-BF4B-00C04F79EFBC}") = "ECommerce.API.Search", "ECommerce.API.Search\ECommerce.API.Search.csproj", "{3F8439D2-E725-4815-8E09-B246F4F1D2A9}"
EndProject
Global
	GlobalSection(SolutionConfigurationPlatforms) = preSolution
		Debug|Any CPU = Debug|Any CPU
		Release|Any CPU = Release|Any CPU
	EndGlobalSection
	GlobalSection(ProjectConfigurationPlatforms) = postSolution
		{1B25B008-6C45-4A86-8CC9-809E015CE0CF}.Debug|Any CPU.ActiveCfg = Debug|Any CPU
		{1B25B008-6C45-4A86-8CC9-809E015CE0CF}.Debug|Any CPU.Build.0 = Debug|Any CPU
		{1B25B008-6C45-4A86-8CC9-809E015CE0CF}.Release|Any CPU.ActiveCfg = Release|Any CPU
		{1B25B008-6C45-4A86-8CC9-809E015CE0CF}.Release|Any CPU.Build.0 = Release|Any CPU
		{A1CCFC30-C7E2-4F46-BA63-FF13367FDFF6}.Debug|Any CPU.ActiveCfg = Debug|Any CPU
		{A1CCFC30-C7E2-4F46-BA63-FF13367FDFF6}.Debug|Any CPU.Build.0 = Debug|Any CPU
		{A1CCFC30-C7E2-4F46-BA63-FF13367FDFF6}.Release|Any CPU.ActiveCfg = Release|Any CPU
		{A1CCFC30-C7E2-4F46-BA63-FF13367FDFF6}.Release|Any CPU.Build.0 = Release|Any CPU
		{9D09DF17-B595-4858-B7D3-EA66E89BCA3A}.Debug|Any CPU.ActiveCfg = Debug|Any CPU
		{9D09DF17-B595-4858-B7D3-EA66E89BCA3A}.Debug|Any CPU.Build.0 = Debug|Any CPU
		{9D09DF17-B595-4858-B7D3-EA66E89BCA3A}.Release|Any CPU.ActiveCfg = Release|Any CPU
		{9D09DF17-B595-4858-B7D3-EA66E89BCA3A}.Release|Any CPU.Build.0 = Release|Any CPU
		{3F8439D2-E725-4815-8E09-B246F4F1D2A9}.Debug|Any CPU.ActiveCfg = Debug|Any CPU
		{3F8439D2-E725-4815-8E09-B246F4F1D2A9}.Debug|Any CPU.Build.0 = Debug|Any CPU
		{3F8439D2-E725-4815-8E09-B246F4F1D2A9}.Release|Any CPU.ActiveCfg = Release|Any CPU
		{3F8439D2-E725-4815-8E09-B246F4F1D2A9}.Release|Any CPU.Build.0 = Release|Any CPU
	EndGlobalSection
	GlobalSection(SolutionProperties) = preSolution
		HideSolutionNode = FALSE
	EndGlobalSection
	GlobalSection(ExtensibilityGlobals) = postSolution
		SolutionGuid = {6815F003-A1DD-4AA6-ABCB-AB69F069867A}
	EndGlobalSection
EndGlobal
